
Microsoft Visual Studio Solution File, Format Version 12.00
# Visual Studio Version 17
VisualStudioVersion = 17.0.32014.148
MinimumVisualStudioVersion = 10.0.40219.1
Project("{FAE04EC0-301F-11D3-BF4B-00C04F79EFBC}") = "ShopClient", "ShopClient\ShopClient.csproj", "{1C288A85-B810-42DA-B682-7CB3D2D66E6C}"
EndProject
Global
	GlobalSection(SolutionConfigurationPlatforms) = preSolution
		Debug|Any CPU = Debug|Any CPU
		Release|Any CPU = Release|Any CPU
	EndGlobalSection
	GlobalSection(ProjectConfigurationPlatforms) = postSolution
		{1C288A85-B810-42DA-B682-7CB3D2D66E6C}.Debug|Any CPU.ActiveCfg = Debug|Any CPU
		{1C288A85-B810-42DA-B682-7CB3D2D66E6C}.Debug|Any CPU.Build.0 = Debug|Any CPU
		{1C288A85-B810-42DA-B682-7CB3D2D66E6C}.Release|Any CPU.ActiveCfg = Release|Any CPU
		{1C288A85-B810-42DA-B682-7CB3D2D66E6C}.Release|Any CPU.Build.0 = Release|Any CPU
	EndGlobalSection
	GlobalSection(SolutionProperties) = preSolution
		HideSolutionNode = FALSE
	EndGlobalSection
	GlobalSection(ExtensibilityGlobals) = postSolution
		SolutionGuid = {4AB60106-1E36-46BA-B9ED-AC5504A7A791}
	EndGlobalSection
EndGlobal
