
Microsoft Visual Studio Solution File, Format Version 12.00
# Visual Studio Version 17
VisualStudioVersion = 17.0.32014.148
MinimumVisualStudioVersion = 10.0.40219.1
Project("{FAE04EC0-301F-11D3-BF4B-00C04F79EFBC}") = "TheGadgetHub_Desktop_App", "ShopClient\TheGadgetHub_Desktop_App.csproj", "{2AD84F14-F162-4774-80F4-758099C592EE}"
EndProject
Global
	GlobalSection(SolutionConfigurationPlatforms) = preSolution
		Debug|Any CPU = Debug|Any CPU
		Release|Any CPU = Release|Any CPU
	EndGlobalSection
	GlobalSection(ProjectConfigurationPlatforms) = postSolution
		{2AD84F14-F162-4774-80F4-758099C592EE}.Debug|Any CPU.ActiveCfg = Debug|Any CPU
		{2AD84F14-F162-4774-80F4-758099C592EE}.Debug|Any CPU.Build.0 = Debug|Any CPU
		{2AD84F14-F162-4774-80F4-758099C592EE}.Release|Any CPU.ActiveCfg = Release|Any CPU
		{2AD84F14-F162-4774-80F4-758099C592EE}.Release|Any CPU.Build.0 = Release|Any CPU
	EndGlobalSection
	GlobalSection(SolutionProperties) = preSolution
		HideSolutionNode = FALSE
	EndGlobalSection
	GlobalSection(ExtensibilityGlobals) = postSolution
		SolutionGuid = {57824790-EFEB-461A-97AC-41C981A1966E}
	EndGlobalSection
EndGlobal
